
Microsoft Visual Studio Solution File, Format Version 12.00
# Visual Studio 15
VisualStudioVersion = 15.0.27004.2009
MinimumVisualStudioVersion = 10.0.40219.1
Project("{FAE04EC0-301F-11D3-BF4B-00C04F79EFBC}") = "ResearchPortal.API", "ResearchPortal.API\ResearchPortal.API.csproj", "{9F6EB337-B3FF-4446-A601-B2DA9C644C97}"
EndProject
Project("{FAE04EC0-301F-11D3-BF4B-00C04F79EFBC}") = "ResearchPortal.API.Tests", "ResearchPortal.API.Tests\ResearchPortal.API.Tests.csproj", "{8FA32278-8262-49B1-B14E-268E1D1052D2}"
EndProject
Project("{2150E333-8FDC-42A3-9474-1A3956D46DE8}") = "Solution Items", "Solution Items", "{A82FF6DE-59A9-4AC0-9036-B19A29E9A5A1}"
EndProject
Project("{FAE04EC0-301F-11D3-BF4B-00C04F79EFBC}") = "ResearchPortal.Lib", "..\ResearchPortal-Web\ResearchPortal.Lib\ResearchPortal.Lib.csproj", "{BAFFE5D9-653C-4818-B68F-E5732A764DBA}"
EndProject
Global
	GlobalSection(SolutionConfigurationPlatforms) = preSolution
		Debug|Any CPU = Debug|Any CPU
		Release|Any CPU = Release|Any CPU
	EndGlobalSection
	GlobalSection(ProjectConfigurationPlatforms) = postSolution
		{9F6EB337-B3FF-4446-A601-B2DA9C644C97}.Debug|Any CPU.ActiveCfg = Debug|Any CPU
		{9F6EB337-B3FF-4446-A601-B2DA9C644C97}.Debug|Any CPU.Build.0 = Debug|Any CPU
		{9F6EB337-B3FF-4446-A601-B2DA9C644C97}.Release|Any CPU.ActiveCfg = Release|Any CPU
		{9F6EB337-B3FF-4446-A601-B2DA9C644C97}.Release|Any CPU.Build.0 = Release|Any CPU
		{8FA32278-8262-49B1-B14E-268E1D1052D2}.Debug|Any CPU.ActiveCfg = Debug|Any CPU
		{8FA32278-8262-49B1-B14E-268E1D1052D2}.Debug|Any CPU.Build.0 = Debug|Any CPU
		{8FA32278-8262-49B1-B14E-268E1D1052D2}.Release|Any CPU.ActiveCfg = Release|Any CPU
		{8FA32278-8262-49B1-B14E-268E1D1052D2}.Release|Any CPU.Build.0 = Release|Any CPU
		{BAFFE5D9-653C-4818-B68F-E5732A764DBA}.Debug|Any CPU.ActiveCfg = Debug|Any CPU
		{BAFFE5D9-653C-4818-B68F-E5732A764DBA}.Debug|Any CPU.Build.0 = Debug|Any CPU
		{BAFFE5D9-653C-4818-B68F-E5732A764DBA}.Release|Any CPU.ActiveCfg = Release|Any CPU
		{BAFFE5D9-653C-4818-B68F-E5732A764DBA}.Release|Any CPU.Build.0 = Release|Any CPU
	EndGlobalSection
	GlobalSection(SolutionProperties) = preSolution
		HideSolutionNode = FALSE
	EndGlobalSection
	GlobalSection(ExtensibilityGlobals) = postSolution
		SolutionGuid = {FEADFDA3-9E00-4A3A-B1D7-CA81400F9E40}
	EndGlobalSection
EndGlobal
